# generated by rye
# use `rye lock` or `rye sync` to update this lockfile
#
# last locked with the following flags:
#   pre: false
#   features: []
#   all-features: false
#   with-sources: false
#   generate-hashes: false

-e file:.
click==8.1.7
    # via typer
joblib==1.4.2
    # via scikit-learn
kaleido==0.2.1
    # via arrayed-degradation-assay
markdown-it-py==3.0.0
    # via rich
mdurl==0.1.2
    # via markdown-it-py
numpy==1.23.5
    # via arrayed-degradation-assay
    # via pandas
    # via scikit-learn
    # via scipy
packaging==24.0
    # via plotly
pandas==2.0.3
    # via arrayed-degradation-assay
pathy==0.10.1
    # via arrayed-degradation-assay
pillow==9.5.0
    # via arrayed-degradation-assay
plotly==5.14.1
    # via arrayed-degradation-assay
pygments==2.18.0
    # via rich
python-dateutil==2.9.0.post0
    # via pandas
pytz==2024.1
    # via pandas
rich==13.7.1
    # via typer
scikit-learn==1.2.2
    # via arrayed-degradation-assay
scipy==1.11.1
    # via arrayed-degradation-assay
    # via scikit-learn
shellingham==1.5.4
    # via typer
six==1.16.0
    # via python-dateutil
smart-open==6.4.0
    # via pathy
tenacity==8.3.0
    # via plotly
threadpoolctl==3.5.0
    # via scikit-learn
tqdm==4.65.0
    # via arrayed-degradation-assay
typer==0.12.3
    # via pathy
typing-extensions==4.12.1
    # via typer
tzdata==2024.1
    # via pandas
